
Microsoft Visual Studio Solution File, Format Version 12.00
# Visual Studio Version 17
VisualStudioVersion = 17.0.31919.166
MinimumVisualStudioVersion = 10.0.40219.1
Project("{9A19103F-16F7-4668-BE54-9A1E7A4F7556}") = "WebAPI_Cadastro", "WebAPI_Cadastro\WebAPI_Cadastro.csproj", "{3C84FDDD-4A6A-4EC7-BC65-F4BAE2A04870}"
EndProject
Project("{FAE04EC0-301F-11D3-BF4B-00C04F79EFBC}") = "WebApi_Cadastro.Test", "WebApi_Cadastro.Test\WebApi_Cadastro.Test.csproj", "{B2ECA914-001F-4AB9-800F-51298BA09CBE}"
EndProject
Global
	GlobalSection(SolutionConfigurationPlatforms) = preSolution
		Debug|Any CPU = Debug|Any CPU
		Release|Any CPU = Release|Any CPU
	EndGlobalSection
	GlobalSection(ProjectConfigurationPlatforms) = postSolution
		{3C84FDDD-4A6A-4EC7-BC65-F4BAE2A04870}.Debug|Any CPU.ActiveCfg = Debug|Any CPU
		{3C84FDDD-4A6A-4EC7-BC65-F4BAE2A04870}.Debug|Any CPU.Build.0 = Debug|Any CPU
		{3C84FDDD-4A6A-4EC7-BC65-F4BAE2A04870}.Release|Any CPU.ActiveCfg = Release|Any CPU
		{3C84FDDD-4A6A-4EC7-BC65-F4BAE2A04870}.Release|Any CPU.Build.0 = Release|Any CPU
		{B2ECA914-001F-4AB9-800F-51298BA09CBE}.Debug|Any CPU.ActiveCfg = Debug|Any CPU
		{B2ECA914-001F-4AB9-800F-51298BA09CBE}.Debug|Any CPU.Build.0 = Debug|Any CPU
		{B2ECA914-001F-4AB9-800F-51298BA09CBE}.Release|Any CPU.ActiveCfg = Release|Any CPU
		{B2ECA914-001F-4AB9-800F-51298BA09CBE}.Release|Any CPU.Build.0 = Release|Any CPU
	EndGlobalSection
	GlobalSection(SolutionProperties) = preSolution
		HideSolutionNode = FALSE
	EndGlobalSection
	GlobalSection(ExtensibilityGlobals) = postSolution
		SolutionGuid = {9D129BC8-3DB0-450C-A4AC-2034F116194C}
	EndGlobalSection
EndGlobal
